
Microsoft Visual Studio Solution File, Format Version 12.00
# Visual Studio Version 17
VisualStudioVersion = 17.6.33815.320
MinimumVisualStudioVersion = 10.0.40219.1
Project("{FAE04EC0-301F-11D3-BF4B-00C04F79EFBC}") = "Companies", "Companies.csproj", "{EEB0CB1D-691A-4B4E-ADC4-9C1E35363F8B}"
EndProject
Global
	GlobalSection(SolutionConfigurationPlatforms) = preSolution
		Debug|Any CPU = Debug|Any CPU
		Release|Any CPU = Release|Any CPU
	EndGlobalSection
	GlobalSection(ProjectConfigurationPlatforms) = postSolution
		{EEB0CB1D-691A-4B4E-ADC4-9C1E35363F8B}.Debug|Any CPU.ActiveCfg = Debug|Any CPU
		{EEB0CB1D-691A-4B4E-ADC4-9C1E35363F8B}.Debug|Any CPU.Build.0 = Debug|Any CPU
		{EEB0CB1D-691A-4B4E-ADC4-9C1E35363F8B}.Release|Any CPU.ActiveCfg = Release|Any CPU
		{EEB0CB1D-691A-4B4E-ADC4-9C1E35363F8B}.Release|Any CPU.Build.0 = Release|Any CPU
	EndGlobalSection
	GlobalSection(SolutionProperties) = preSolution
		HideSolutionNode = FALSE
	EndGlobalSection
	GlobalSection(ExtensibilityGlobals) = postSolution
		SolutionGuid = {FCE2DFAD-6344-4333-8555-3C7F74914A7F}
	EndGlobalSection
EndGlobal
